
Microsoft Visual Studio Solution File, Format Version 12.00
# Visual Studio Version 17
VisualStudioVersion = 17.3.32825.248
MinimumVisualStudioVersion = 10.0.40219.1
Project("{FAE04EC0-301F-11D3-BF4B-00C04F79EFBC}") = "FutbolTakimiOOP", "KD12-EtutOOP\FutbolTakimiOOP.csproj", "{59E0DA2D-1310-40A1-9449-968154136AA0}"
EndProject
Global
	GlobalSection(SolutionConfigurationPlatforms) = preSolution
		Debug|Any CPU = Debug|Any CPU
		Release|Any CPU = Release|Any CPU
	EndGlobalSection
	GlobalSection(ProjectConfigurationPlatforms) = postSolution
		{59E0DA2D-1310-40A1-9449-968154136AA0}.Debug|Any CPU.ActiveCfg = Debug|Any CPU
		{59E0DA2D-1310-40A1-9449-968154136AA0}.Debug|Any CPU.Build.0 = Debug|Any CPU
		{59E0DA2D-1310-40A1-9449-968154136AA0}.Release|Any CPU.ActiveCfg = Release|Any CPU
		{59E0DA2D-1310-40A1-9449-968154136AA0}.Release|Any CPU.Build.0 = Release|Any CPU
	EndGlobalSection
	GlobalSection(SolutionProperties) = preSolution
		HideSolutionNode = FALSE
	EndGlobalSection
	GlobalSection(ExtensibilityGlobals) = postSolution
		SolutionGuid = {C019BD12-EE6A-494F-A0C3-54DA4A445818}
	EndGlobalSection
EndGlobal
